// !$*UTF8*$!
{
	archiveVersion = 1;
	classes = {
	};
	objectVersion = 50;
	objects = {

/* Begin PBXBuildFile section */
		4B0D00AD25768BBC00921C15 /* HW_1_1__SakhankoApp.swift in Sources */ = {isa = PBXBuildFile; fileRef = 4B0D00AC25768BBC00921C15 /* HW_1_1__SakhankoApp.swift */; };
		4B0D00AF25768BBC00921C15 /* RootView.swift in Sources */ = {isa = PBXBuildFile; fileRef = 4B0D00AE25768BBC00921C15 /* RootView.swift */; };
		4B0D00B125768BBE00921C15 /* Assets.xcassets in Resources */ = {isa = PBXBuildFile; fileRef = 4B0D00B025768BBE00921C15 /* Assets.xcassets */; };
		4B0D00B425768BBE00921C15 /* Preview Assets.xcassets in Resources */ = {isa = PBXBuildFile; fileRef = 4B0D00B325768BBE00921C15 /* Preview Assets.xcassets */; };
		4B3C00D7257692AE006F7A37 /* HomeScreen.swift in Sources */ = {isa = PBXBuildFile; fileRef = 4B3C00D6257692AE006F7A37 /* HomeScreen.swift */; };
		4B3C00DA257692D3006F7A37 /* ListScreen.swift in Sources */ = {isa = PBXBuildFile; fileRef = 4B3C00D9257692D3006F7A37 /* ListScreen.swift */; };
		4B3C00DD257692F0006F7A37 /* ModalScreen.swift in Sources */ = {isa = PBXBuildFile; fileRef = 4B3C00DC257692F0006F7A37 /* ModalScreen.swift */; };
		4B3C00E625769631006F7A37 /* Car.swift in Sources */ = {isa = PBXBuildFile; fileRef = 4B3C00E525769631006F7A37 /* Car.swift */; };
		4B3C00E9257696C2006F7A37 /* CarViewModel.swift in Sources */ = {isa = PBXBuildFile; fileRef = 4B3C00E8257696C2006F7A37 /* CarViewModel.swift */; };
		4B3C00EE25769A95006F7A37 /* ListDetailView.swift in Sources */ = {isa = PBXBuildFile; fileRef = 4B3C00ED25769A95006F7A37 /* ListDetailView.swift */; };
		4B3C00F42576A612006F7A37 /* GradientButtonStyle.swift in Sources */ = {isa = PBXBuildFile; fileRef = 4B3C00F32576A612006F7A37 /* GradientButtonStyle.swift */; };
		4BE2DB3C257E6B97005A9868 /* ListItem.swift in Sources */ = {isa = PBXBuildFile; fileRef = 4BE2DB3B257E6B97005A9868 /* ListItem.swift */; };
		4BE2DB3F257E6C03005A9868 /* ListItemModel.swift in Sources */ = {isa = PBXBuildFile; fileRef = 4BE2DB3E257E6C03005A9868 /* ListItemModel.swift */; };
/* End PBXBuildFile section */

/* Begin PBXFileReference section */
		4B0D00A925768BBC00921C15 /* HW_1_1_ Sakhanko.app */ = {isa = PBXFileReference; explicitFileType = wrapper.application; includeInIndex = 0; path = "HW_1_1_ Sakhanko.app"; sourceTree = BUILT_PRODUCTS_DIR; };
		4B0D00AC25768BBC00921C15 /* HW_1_1__SakhankoApp.swift */ = {isa = PBXFileReference; lastKnownFileType = sourcecode.swift; path = HW_1_1__SakhankoApp.swift; sourceTree = "<group>"; };
		4B0D00AE25768BBC00921C15 /* RootView.swift */ = {isa = PBXFileReference; lastKnownFileType = sourcecode.swift; path = RootView.swift; sourceTree = "<group>"; };
		4B0D00B025768BBE00921C15 /* Assets.xcassets */ = {isa = PBXFileReference; lastKnownFileType = folder.assetcatalog; path = Assets.xcassets; sourceTree = "<group>"; };
		4B0D00B325768BBE00921C15 /* Preview Assets.xcassets */ = {isa = PBXFileReference; lastKnownFileType = folder.assetcatalog; path = "Preview Assets.xcassets"; sourceTree = "<group>"; };
		4B0D00B525768BBE00921C15 /* Info.plist */ = {isa = PBXFileReference; lastKnownFileType = text.plist.xml; path = Info.plist; sourceTree = "<group>"; };
		4B3C00D6257692AE006F7A37 /* HomeScreen.swift */ = {isa = PBXFileReference; lastKnownFileType = sourcecode.swift; path = HomeScreen.swift; sourceTree = "<group>"; };
		4B3C00D9257692D3006F7A37 /* ListScreen.swift */ = {isa = PBXFileReference; lastKnownFileType = sourcecode.swift; path = ListScreen.swift; sourceTree = "<group>"; };
		4B3C00DC257692F0006F7A37 /* ModalScreen.swift */ = {isa = PBXFileReference; lastKnownFileType = sourcecode.swift; path = ModalScreen.swift; sourceTree = "<group>"; };
		4B3C00E525769631006F7A37 /* Car.swift */ = {isa = PBXFileReference; lastKnownFileType = sourcecode.swift; path = Car.swift; sourceTree = "<group>"; };
		4B3C00E8257696C2006F7A37 /* CarViewModel.swift */ = {isa = PBXFileReference; lastKnownFileType = sourcecode.swift; path = CarViewModel.swift; sourceTree = "<group>"; };
		4B3C00ED25769A95006F7A37 /* ListDetailView.swift */ = {isa = PBXFileReference; lastKnownFileType = sourcecode.swift; path = ListDetailView.swift; sourceTree = "<group>"; };
		4B3C00F32576A612006F7A37 /* GradientButtonStyle.swift */ = {isa = PBXFileReference; lastKnownFileType = sourcecode.swift; path = GradientButtonStyle.swift; sourceTree = "<group>"; };
		4BE2DB3B257E6B97005A9868 /* ListItem.swift */ = {isa = PBXFileReference; lastKnownFileType = sourcecode.swift; path = ListItem.swift; sourceTree = "<group>"; };
		4BE2DB3E257E6C03005A9868 /* ListItemModel.swift */ = {isa = PBXFileReference; lastKnownFileType = sourcecode.swift; path = ListItemModel.swift; sourceTree = "<group>"; };
/* End PBXFileReference section */

/* Begin PBXFrameworksBuildPhase section */
		4B0D00A625768BBC00921C15 /* Frameworks */ = {
			isa = PBXFrameworksBuildPhase;
			buildActionMask = 2147483647;
			files = (
			);
			runOnlyForDeploymentPostprocessing = 0;
		};
/* End PBXFrameworksBuildPhase section */

/* Begin PBXGroup section */
		4B0D00A025768BBC00921C15 = {
			isa = PBXGroup;
			children = (
				4B0D00AB25768BBC00921C15 /* HW_1_1_ Sakhanko */,
				4B0D00AA25768BBC00921C15 /* Products */,
			);
			sourceTree = "<group>";
		};
		4B0D00AA25768BBC00921C15 /* Products */ = {
			isa = PBXGroup;
			children = (
				4B0D00A925768BBC00921C15 /* HW_1_1_ Sakhanko.app */,
			);
			name = Products;
			sourceTree = "<group>";
		};
		4B0D00AB25768BBC00921C15 /* HW_1_1_ Sakhanko */ = {
			isa = PBXGroup;
			children = (
				4B3C00E02576933A006F7A37 /* App */,
				4B3C00DF2576932C006F7A37 /* MVVM */,
				4B3C00F12576A4DF006F7A37 /* CustomUI */,
				4BB24F1F2577D88D00ABF052 /* Sources */,
				4B0D00B225768BBE00921C15 /* Preview Content */,
			);
			path = "HW_1_1_ Sakhanko";
			sourceTree = "<group>";
		};
		4B0D00B225768BBE00921C15 /* Preview Content */ = {
			isa = PBXGroup;
			children = (
				4B0D00B325768BBE00921C15 /* Preview Assets.xcassets */,
			);
			path = "Preview Content";
			sourceTree = "<group>";
		};
		4B3C00DF2576932C006F7A37 /* MVVM */ = {
			isa = PBXGroup;
			children = (
				4B3C00E12576934F006F7A37 /* Model */,
				4B3C00E225769399006F7A37 /* View */,
				4B3C00E3257693AD006F7A37 /* ViewModel */,
			);
			path = MVVM;
			sourceTree = "<group>";
		};
		4B3C00E02576933A006F7A37 /* App */ = {
			isa = PBXGroup;
			children = (
				4B0D00AC25768BBC00921C15 /* HW_1_1__SakhankoApp.swift */,
			);
			path = App;
			sourceTree = "<group>";
		};
		4B3C00E12576934F006F7A37 /* Model */ = {
			isa = PBXGroup;
			children = (
				4B3C00E525769631006F7A37 /* Car.swift */,
				4BE2DB3E257E6C03005A9868 /* ListItemModel.swift */,
			);
			path = Model;
			sourceTree = "<group>";
		};
		4B3C00E225769399006F7A37 /* View */ = {
			isa = PBXGroup;
			children = (
				4B0D00AE25768BBC00921C15 /* RootView.swift */,
				4B3C00D6257692AE006F7A37 /* HomeScreen.swift */,
				4B3C00D9257692D3006F7A37 /* ListScreen.swift */,
				4B3C00ED25769A95006F7A37 /* ListDetailView.swift */,
				4B3C00DC257692F0006F7A37 /* ModalScreen.swift */,
				4BE2DB3B257E6B97005A9868 /* ListItem.swift */,
			);
			path = View;
			sourceTree = "<group>";
		};
		4B3C00E3257693AD006F7A37 /* ViewModel */ = {
			isa = PBXGroup;
			children = (
				4B3C00E8257696C2006F7A37 /* CarViewModel.swift */,
			);
			path = ViewModel;
			sourceTree = "<group>";
		};
		4B3C00F12576A4DF006F7A37 /* CustomUI */ = {
			isa = PBXGroup;
			children = (
				4B3C00F32576A612006F7A37 /* GradientButtonStyle.swift */,
			);
			path = CustomUI;
			sourceTree = "<group>";
		};
		4BB24F1F2577D88D00ABF052 /* Sources */ = {
			isa = PBXGroup;
			children = (
				4B0D00B525768BBE00921C15 /* Info.plist */,
				4B0D00B025768BBE00921C15 /* Assets.xcassets */,
			);
			path = Sources;
			sourceTree = "<group>";
		};
/* End PBXGroup section */

/* Begin PBXNativeTarget section */
		4B0D00A825768BBC00921C15 /* HW_1_1_ Sakhanko */ = {
			isa = PBXNativeTarget;
			buildConfigurationList = 4B0D00B825768BBE00921C15 /* Build configuration list for PBXNativeTarget "HW_1_1_ Sakhanko" */;
			buildPhases = (
				4B0D00A525768BBC00921C15 /* Sources */,
				4B0D00A625768BBC00921C15 /* Frameworks */,
				4B0D00A725768BBC00921C15 /* Resources */,
			);
			buildRules = (
			);
			dependencies = (
			);
			name = "HW_1_1_ Sakhanko";
			productName = "HW_1_1_ Sakhanko";
			productReference = 4B0D00A925768BBC00921C15 /* HW_1_1_ Sakhanko.app */;
			productType = "com.apple.product-type.application";
		};
/* End PBXNativeTarget section */

/* Begin PBXProject section */
		4B0D00A125768BBC00921C15 /* Project object */ = {
			isa = PBXProject;
			attributes = {
				LastSwiftUpdateCheck = 1220;
				LastUpgradeCheck = 1220;
				TargetAttributes = {
					4B0D00A825768BBC00921C15 = {
						CreatedOnToolsVersion = 12.2;
					};
				};
			};
			buildConfigurationList = 4B0D00A425768BBC00921C15 /* Build configuration list for PBXProject "HW_1_1_ Sakhanko" */;
			compatibilityVersion = "Xcode 9.3";
			developmentRegion = en;
			hasScannedForEncodings = 0;
			knownRegions = (
				en,
				Base,
			);
			mainGroup = 4B0D00A025768BBC00921C15;
			productRefGroup = 4B0D00AA25768BBC00921C15 /* Products */;
			projectDirPath = "";
			projectRoot = "";
			targets = (
				4B0D00A825768BBC00921C15 /* HW_1_1_ Sakhanko */,
			);
		};
/* End PBXProject section */

/* Begin PBXResourcesBuildPhase section */
		4B0D00A725768BBC00921C15 /* Resources */ = {
			isa = PBXResourcesBuildPhase;
			buildActionMask = 2147483647;
			files = (
				4B0D00B425768BBE00921C15 /* Preview Assets.xcassets in Resources */,
				4B0D00B125768BBE00921C15 /* Assets.xcassets in Resources */,
			);
			runOnlyForDeploymentPostprocessing = 0;
		};
/* End PBXResourcesBuildPhase section */

/* Begin PBXSourcesBuildPhase section */
		4B0D00A525768BBC00921C15 /* Sources */ = {
			isa = PBXSourcesBuildPhase;
			buildActionMask = 2147483647;
			files = (
				4BE2DB3C257E6B97005A9868 /* ListItem.swift in Sources */,
				4B3C00F42576A612006F7A37 /* GradientButtonStyle.swift in Sources */,
				4B0D00AF25768BBC00921C15 /* RootView.swift in Sources */,
				4B3C00EE25769A95006F7A37 /* ListDetailView.swift in Sources */,
				4B3C00E9257696C2006F7A37 /* CarViewModel.swift in Sources */,
				4B3C00DD257692F0006F7A37 /* ModalScreen.swift in Sources */,
				4B3C00E625769631006F7A37 /* Car.swift in Sources */,
				4B0D00AD25768BBC00921C15 /* HW_1_1__SakhankoApp.swift in Sources */,
				4B3C00D7257692AE006F7A37 /* HomeScreen.swift in Sources */,
				4BE2DB3F257E6C03005A9868 /* ListItemModel.swift in Sources */,
				4B3C00DA257692D3006F7A37 /* ListScreen.swift in Sources */,
			);
			runOnlyForDeploymentPostprocessing = 0;
		};
/* End PBXSourcesBuildPhase section */

/* Begin XCBuildConfiguration section */
		4B0D00B625768BBE00921C15 /* Debug */ = {
			isa = XCBuildConfiguration;
			buildSettings = {
				ALWAYS_SEARCH_USER_PATHS = NO;
				CLANG_ANALYZER_NONNULL = YES;
				CLANG_ANALYZER_NUMBER_OBJECT_CONVERSION = YES_AGGRESSIVE;
				CLANG_CXX_LANGUAGE_STANDARD = "gnu++14";
				CLANG_CXX_LIBRARY = "libc++";
				CLANG_ENABLE_MODULES = YES;
				CLANG_ENABLE_OBJC_ARC = YES;
				CLANG_ENABLE_OBJC_WEAK = YES;
				CLANG_WARN_BLOCK_CAPTURE_AUTORELEASING = YES;
				CLANG_WARN_BOOL_CONVERSION = YES;
				CLANG_WARN_COMMA = YES;
				CLANG_WARN_CONSTANT_CONVERSION = YES;
				CLANG_WARN_DEPRECATED_OBJC_IMPLEMENTATIONS = YES;
				CLANG_WARN_DIRECT_OBJC_ISA_USAGE = YES_ERROR;
				CLANG_WARN_DOCUMENTATION_COMMENTS = YES;
				CLANG_WARN_EMPTY_BODY = YES;
				CLANG_WARN_ENUM_CONVERSION = YES;
				CLANG_WARN_INFINITE_RECURSION = YES;
				CLANG_WARN_INT_CONVERSION = YES;
				CLANG_WARN_NON_LITERAL_NULL_CONVERSION = YES;
				CLANG_WARN_OBJC_IMPLICIT_RETAIN_SELF = YES;
				CLANG_WARN_OBJC_LITERAL_CONVERSION = YES;
				CLANG_WARN_OBJC_ROOT_CLASS = YES_ERROR;
				CLANG_WARN_QUOTED_INCLUDE_IN_FRAMEWORK_HEADER = YES;
				CLANG_WARN_RANGE_LOOP_ANALYSIS = YES;
				CLANG_WARN_STRICT_PROTOTYPES = YES;
				CLANG_WARN_SUSPICIOUS_MOVE = YES;
				CLANG_WARN_UNGUARDED_AVAILABILITY = YES_AGGRESSIVE;
				CLANG_WARN_UNREACHABLE_CODE = YES;
				CLANG_WARN__DUPLICATE_METHOD_MATCH = YES;
				COPY_PHASE_STRIP = NO;
				DEBUG_INFORMATION_FORMAT = dwarf;
				ENABLE_STRICT_OBJC_MSGSEND = YES;
				ENABLE_TESTABILITY = YES;
				GCC_C_LANGUAGE_STANDARD = gnu11;
				GCC_DYNAMIC_NO_PIC = NO;
				GCC_NO_COMMON_BLOCKS = YES;
				GCC_OPTIMIZATION_LEVEL = 0;
				GCC_PREPROCESSOR_DEFINITIONS = (
					"DEBUG=1",
					"$(inherited)",
				);
				GCC_WARN_64_TO_32_BIT_CONVERSION = YES;
				GCC_WARN_ABOUT_RETURN_TYPE = YES_ERROR;
				GCC_WARN_UNDECLARED_SELECTOR = YES;
				GCC_WARN_UNINITIALIZED_AUTOS = YES_AGGRESSIVE;
				GCC_WARN_UNUSED_FUNCTION = YES;
				GCC_WARN_UNUSED_VARIABLE = YES;
				IPHONEOS_DEPLOYMENT_TARGET = 14.2;
				MTL_ENABLE_DEBUG_INFO = INCLUDE_SOURCE;
				MTL_FAST_MATH = YES;
				ONLY_ACTIVE_ARCH = YES;
				SDKROOT = iphoneos;
				SWIFT_ACTIVE_COMPILATION_CONDITIONS = DEBUG;
				SWIFT_OPTIMIZATION_LEVEL = "-Onone";
			};
			name = Debug;
		};
		4B0D00B725768BBE00921C15 /* Release */ = {
			isa = XCBuildConfiguration;
			buildSettings = {
				ALWAYS_SEARCH_USER_PATHS = NO;
				CLANG_ANALYZER_NONNULL = YES;
				CLANG_ANALYZER_NUMBER_OBJECT_CONVERSION = YES_AGGRESSIVE;
				CLANG_CXX_LANGUAGE_STANDARD = "gnu++14";
				CLANG_CXX_LIBRARY = "libc++";
				CLANG_ENABLE_MODULES = YES;
				CLANG_ENABLE_OBJC_ARC = YES;
				CLANG_ENABLE_OBJC_WEAK = YES;
				CLANG_WARN_BLOCK_CAPTURE_AUTORELEASING = YES;
				CLANG_WARN_BOOL_CONVERSION = YES;
				CLANG_WARN_COMMA = YES;
				CLANG_WARN_CONSTANT_CONVERSION = YES;
				CLANG_WARN_DEPRECATED_OBJC_IMPLEMENTATIONS = YES;
				CLANG_WARN_DIRECT_OBJC_ISA_USAGE = YES_ERROR;
				CLANG_WARN_DOCUMENTATION_COMMENTS = YES;
				CLANG_WARN_EMPTY_BODY = YES;
				CLANG_WARN_ENUM_CONVERSION = YES;
				CLANG_WARN_INFINITE_RECURSION = YES;
				CLANG_WARN_INT_CONVERSION = YES;
				CLANG_WARN_NON_LITERAL_NULL_CONVERSION = YES;
				CLANG_WARN_OBJC_IMPLICIT_RETAIN_SELF = YES;
				CLANG_WARN_OBJC_LITERAL_CONVERSION = YES;
				CLANG_WARN_OBJC_ROOT_CLASS = YES_ERROR;
				CLANG_WARN_QUOTED_INCLUDE_IN_FRAMEWORK_HEADER = YES;
				CLANG_WARN_RANGE_LOOP_ANALYSIS = YES;
				CLANG_WARN_STRICT_PROTOTYPES = YES;
				CLANG_WARN_SUSPICIOUS_MOVE = YES;
				CLANG_WARN_UNGUARDED_AVAILABILITY = YES_AGGRESSIVE;
				CLANG_WARN_UNREACHABLE_CODE = YES;
				CLANG_WARN__DUPLICATE_METHOD_MATCH = YES;
				COPY_PHASE_STRIP = NO;
				DEBUG_INFORMATION_FORMAT = "dwarf-with-dsym";
				ENABLE_NS_ASSERTIONS = NO;
				ENABLE_STRICT_OBJC_MSGSEND = YES;
				GCC_C_LANGUAGE_STANDARD = gnu11;
				GCC_NO_COMMON_BLOCKS = YES;
				GCC_WARN_64_TO_32_BIT_CONVERSION = YES;
				GCC_WARN_ABOUT_RETURN_TYPE = YES_ERROR;
				GCC_WARN_UNDECLARED_SELECTOR = YES;
				GCC_WARN_UNINITIALIZED_AUTOS = YES_AGGRESSIVE;
				GCC_WARN_UNUSED_FUNCTION = YES;
				GCC_WARN_UNUSED_VARIABLE = YES;
				IPHONEOS_DEPLOYMENT_TARGET = 14.2;
				MTL_ENABLE_DEBUG_INFO = NO;
				MTL_FAST_MATH = YES;
				SDKROOT = iphoneos;
				SWIFT_COMPILATION_MODE = wholemodule;
				SWIFT_OPTIMIZATION_LEVEL = "-O";
				VALIDATE_PRODUCT = YES;
			};
			name = Release;
		};
		4B0D00B925768BBE00921C15 /* Debug */ = {
			isa = XCBuildConfiguration;
			buildSettings = {
				ASSETCATALOG_COMPILER_APPICON_NAME = AppIcon;
				ASSETCATALOG_COMPILER_GLOBAL_ACCENT_COLOR_NAME = AccentColor;
				CODE_SIGN_STYLE = Automatic;
				DEVELOPMENT_ASSET_PATHS = "\"HW_1_1_ Sakhanko/Preview Content\"";
				DEVELOPMENT_TEAM = 5NGK57BNWL;
				ENABLE_PREVIEWS = YES;
				INFOPLIST_FILE = "$(SRCROOT)/HW_1_1_ Sakhanko/Sources/Info.plist";
				IPHONEOS_DEPLOYMENT_TARGET = 14.0;
				LD_RUNPATH_SEARCH_PATHS = (
					"$(inherited)",
					"@executable_path/Frameworks",
				);
				PRODUCT_BUNDLE_IDENTIFIER = "SakhankoApps.HW-1-1--Sakhanko";
				PRODUCT_NAME = "$(TARGET_NAME)";
				SWIFT_VERSION = 5.0;
				TARGETED_DEVICE_FAMILY = "1,2";
			};
			name = Debug;
		};
		4B0D00BA25768BBE00921C15 /* Release */ = {
			isa = XCBuildConfiguration;
			buildSettings = {
				ASSETCATALOG_COMPILER_APPICON_NAME = AppIcon;
				ASSETCATALOG_COMPILER_GLOBAL_ACCENT_COLOR_NAME = AccentColor;
				CODE_SIGN_STYLE = Automatic;
				DEVELOPMENT_ASSET_PATHS = "\"HW_1_1_ Sakhanko/Preview Content\"";
				DEVELOPMENT_TEAM = 5NGK57BNWL;
				ENABLE_PREVIEWS = YES;
				INFOPLIST_FILE = "$(SRCROOT)/HW_1_1_ Sakhanko/Sources/Info.plist";
				IPHONEOS_DEPLOYMENT_TARGET = 14.0;
				LD_RUNPATH_SEARCH_PATHS = (
					"$(inherited)",
					"@executable_path/Frameworks",
				);
				PRODUCT_BUNDLE_IDENTIFIER = "SakhankoApps.HW-1-1--Sakhanko";
				PRODUCT_NAME = "$(TARGET_NAME)";
				SWIFT_VERSION = 5.0;
				TARGETED_DEVICE_FAMILY = "1,2";
			};
			name = Release;
		};
/* End XCBuildConfiguration section */

/* Begin XCConfigurationList section */
		4B0D00A425768BBC00921C15 /* Build configuration list for PBXProject "HW_1_1_ Sakhanko" */ = {
			isa = XCConfigurationList;
			buildConfigurations = (
				4B0D00B625768BBE00921C15 /* Debug */,
				4B0D00B725768BBE00921C15 /* Release */,
			);
			defaultConfigurationIsVisible = 0;
			defaultConfigurationName = Release;
		};
		4B0D00B825768BBE00921C15 /* Build configuration list for PBXNativeTarget "HW_1_1_ Sakhanko" */ = {
			isa = XCConfigurationList;
			buildConfigurations = (
				4B0D00B925768BBE00921C15 /* Debug */,
				4B0D00BA25768BBE00921C15 /* Release */,
			);
			defaultConfigurationIsVisible = 0;
			defaultConfigurationName = Release;
		};
/* End XCConfigurationList section */
	};
	rootObject = 4B0D00A125768BBC00921C15 /* Project object */;
}
